
Microsoft Visual Studio Solution File, Format Version 12.00
# Visual Studio Version 17
VisualStudioVersion = 17.2.32630.192
MinimumVisualStudioVersion = 10.0.40219.1
Project("{9A19103F-16F7-4668-BE54-9A1E7A4F7556}") = "R5T.S0083", "R5T.S0083\R5T.S0083.csproj", "{04F0EEA6-B6C8-4B29-9774-C2A10DF15062}"
EndProject
Project("{2150E333-8FDC-42A3-9474-1A3956D46DE8}") = "_Dependencies", "_Dependencies", "{16FB2293-D367-4497-9DB1-59FFC421310C}"
EndProject
Project("{9A19103F-16F7-4668-BE54-9A1E7A4F7556}") = "R5T.F0000", "..\..\R5T.F0000\source\R5T.F0000\R5T.F0000.csproj", "{927F7124-9EA1-4AD3-B830-D998AD8CB2B8}"
EndProject
Project("{9A19103F-16F7-4668-BE54-9A1E7A4F7556}") = "R5T.F0002", "..\..\R5T.F0002\source\R5T.F0002\R5T.F0002.csproj", "{2C9A4E0A-0C1D-4298-BE42-50794018E712}"
EndProject
Project("{9A19103F-16F7-4668-BE54-9A1E7A4F7556}") = "R5T.F0120", "..\..\R5T.F0120\source\R5T.F0120\R5T.F0120.csproj", "{FBE9A6DF-EE71-4C60-8110-2D1D02CBA3AF}"
EndProject
Project("{9A19103F-16F7-4668-BE54-9A1E7A4F7556}") = "R5T.F0124", "..\..\R5T.F0124\source\R5T.F0124\R5T.F0124.csproj", "{58309FDC-64B1-4D95-A839-C02F120BC290}"
EndProject
Project("{9A19103F-16F7-4668-BE54-9A1E7A4F7556}") = "R5T.F0125", "..\..\R5T.F0125\source\R5T.F0125\R5T.F0125.csproj", "{FC57D1F2-DB6D-48F4-9BD0-41FB5B05DD5D}"
EndProject
Project("{9A19103F-16F7-4668-BE54-9A1E7A4F7556}") = "R5T.L0030.T000", "..\..\R5T.L0030\source\R5T.L0030.T000\R5T.L0030.T000.csproj", "{C9D97E06-2DD3-48A9-9105-9E7D5D9C8CE8}"
EndProject
Project("{9A19103F-16F7-4668-BE54-9A1E7A4F7556}") = "R5T.L0030", "..\..\R5T.L0030\source\R5T.L0030\R5T.L0030.csproj", "{D6F6EF75-2B64-428A-8987-8721059B67FA}"
EndProject
Project("{9A19103F-16F7-4668-BE54-9A1E7A4F7556}") = "R5T.L0034", "..\..\R5T.L0034\source\R5T.L0034\R5T.L0034.csproj", "{40432EF7-6F2A-4834-942A-6E2BC26E513C}"
EndProject
Project("{9A19103F-16F7-4668-BE54-9A1E7A4F7556}") = "R5T.L0035", "..\..\R5T.L0035\source\R5T.L0035\R5T.L0035.csproj", "{E1857BBC-80B5-4E1D-ACFA-5C920585103D}"
EndProject
Project("{9A19103F-16F7-4668-BE54-9A1E7A4F7556}") = "R5T.NG0022", "..\..\R5T.NG0022\source\R5T.NG0022\R5T.NG0022.csproj", "{8130BDA4-76B7-4FCF-8457-16AC3EABE8D2}"
EndProject
Project("{9A19103F-16F7-4668-BE54-9A1E7A4F7556}") = "R5T.T0131", "..\..\R5T.T0131\source\R5T.T0131\R5T.T0131.csproj", "{E8262770-5899-4C97-8741-52AAD42A005F}"
EndProject
Project("{9A19103F-16F7-4668-BE54-9A1E7A4F7556}") = "R5T.T0132", "..\..\R5T.T0132\source\R5T.T0132\R5T.T0132.csproj", "{996BC18B-E4B3-406A-940D-CC345886EEE1}"
EndProject
Project("{9A19103F-16F7-4668-BE54-9A1E7A4F7556}") = "R5T.T0142", "..\..\R5T.T0142\source\R5T.T0142\R5T.T0142.csproj", "{FA7874DE-D6D7-4BBB-B0A6-B90089B8EEDC}"
EndProject
Project("{9A19103F-16F7-4668-BE54-9A1E7A4F7556}") = "R5T.T0143", "..\..\R5T.T0143\source\R5T.T0143\R5T.T0143.csproj", "{78B5DFEA-F519-4230-BE51-768DF27F41DA}"
EndProject
Project("{9A19103F-16F7-4668-BE54-9A1E7A4F7556}") = "R5T.T0156", "..\..\R5T.T0156\source\R5T.T0156\R5T.T0156.csproj", "{424C1906-E57C-436F-A7CF-E890E9367AFF}"
EndProject
Project("{9A19103F-16F7-4668-BE54-9A1E7A4F7556}") = "R5T.T0174", "..\..\R5T.T0174\source\R5T.T0174\R5T.T0174.csproj", "{15F35E94-0CF5-47DD-831A-448C08AE2E75}"
EndProject
Project("{9A19103F-16F7-4668-BE54-9A1E7A4F7556}") = "R5T.T0176", "..\..\R5T.T0176\source\R5T.T0176\R5T.T0176.csproj", "{52CEC230-9F37-4870-9368-C9CC49DCB968}"
EndProject
Project("{9A19103F-16F7-4668-BE54-9A1E7A4F7556}") = "R5T.T0177", "..\..\R5T.T0177\source\R5T.T0177\R5T.T0177.csproj", "{6533D3C7-74FA-442E-93B6-F397ED2036CB}"
EndProject
Project("{9A19103F-16F7-4668-BE54-9A1E7A4F7556}") = "R5T.T0178", "..\..\R5T.T0178\source\R5T.T0178\R5T.T0178.csproj", "{02B6DA80-8E81-4231-9E9B-8B5127E7A701}"
EndProject
Project("{9A19103F-16F7-4668-BE54-9A1E7A4F7556}") = "R5T.T0179", "..\..\R5T.T0179\source\R5T.T0179\R5T.T0179.csproj", "{0FAA14CE-B90C-45A0-9445-3F939BEB60BA}"
EndProject
Project("{9A19103F-16F7-4668-BE54-9A1E7A4F7556}") = "R5T.T0180", "..\..\R5T.T0180\source\R5T.T0180\R5T.T0180.csproj", "{52B92738-50EB-494B-8DDD-2ABC3E819202}"
EndProject
Project("{9A19103F-16F7-4668-BE54-9A1E7A4F7556}") = "R5T.T0181", "..\..\R5T.T0181\source\R5T.T0181\R5T.T0181.csproj", "{3A39EA90-CBFA-4419-A795-5B0E4234E929}"
EndProject
Project("{9A19103F-16F7-4668-BE54-9A1E7A4F7556}") = "R5T.T0185", "..\..\R5T.T0185\source\R5T.T0185\R5T.T0185.csproj", "{568F667F-FD98-4DFA-8B87-A5000E0B56B1}"
EndProject
Project("{9A19103F-16F7-4668-BE54-9A1E7A4F7556}") = "R5T.T0203", "..\..\R5T.T0203\source\R5T.T0203\R5T.T0203.csproj", "{41E7F628-0081-4E20-9996-05CAC1262B70}"
EndProject
Project("{9A19103F-16F7-4668-BE54-9A1E7A4F7556}") = "R5T.Y0000", "..\..\R5T.Y0000\source\R5T.Y0000\R5T.Y0000.csproj", "{D462C121-2C40-432E-998C-32DE114D8647}"
EndProject
Project("{9A19103F-16F7-4668-BE54-9A1E7A4F7556}") = "R5T.Z0000", "..\..\R5T.Z0000\source\R5T.Z0000\R5T.Z0000.csproj", "{619A571D-26EE-4695-AD26-544614840563}"
EndProject
Project("{9A19103F-16F7-4668-BE54-9A1E7A4F7556}") = "R5T.T0141", "..\..\R5T.T0141\source\R5T.T0141\R5T.T0141.csproj", "{7883AA63-0A51-4EA7-B7E8-558FB8FAAB91}"
EndProject
Global
	GlobalSection(NestedProjects) = preSolution
		{927F7124-9EA1-4AD3-B830-D998AD8CB2B8} = {16FB2293-D367-4497-9DB1-59FFC421310C}
		{2C9A4E0A-0C1D-4298-BE42-50794018E712} = {16FB2293-D367-4497-9DB1-59FFC421310C}
		{FBE9A6DF-EE71-4C60-8110-2D1D02CBA3AF} = {16FB2293-D367-4497-9DB1-59FFC421310C}
		{58309FDC-64B1-4D95-A839-C02F120BC290} = {16FB2293-D367-4497-9DB1-59FFC421310C}
		{FC57D1F2-DB6D-48F4-9BD0-41FB5B05DD5D} = {16FB2293-D367-4497-9DB1-59FFC421310C}
		{C9D97E06-2DD3-48A9-9105-9E7D5D9C8CE8} = {16FB2293-D367-4497-9DB1-59FFC421310C}
		{D6F6EF75-2B64-428A-8987-8721059B67FA} = {16FB2293-D367-4497-9DB1-59FFC421310C}
		{40432EF7-6F2A-4834-942A-6E2BC26E513C} = {16FB2293-D367-4497-9DB1-59FFC421310C}
		{E1857BBC-80B5-4E1D-ACFA-5C920585103D} = {16FB2293-D367-4497-9DB1-59FFC421310C}
		{8130BDA4-76B7-4FCF-8457-16AC3EABE8D2} = {16FB2293-D367-4497-9DB1-59FFC421310C}
		{E8262770-5899-4C97-8741-52AAD42A005F} = {16FB2293-D367-4497-9DB1-59FFC421310C}
		{996BC18B-E4B3-406A-940D-CC345886EEE1} = {16FB2293-D367-4497-9DB1-59FFC421310C}
		{FA7874DE-D6D7-4BBB-B0A6-B90089B8EEDC} = {16FB2293-D367-4497-9DB1-59FFC421310C}
		{78B5DFEA-F519-4230-BE51-768DF27F41DA} = {16FB2293-D367-4497-9DB1-59FFC421310C}
		{424C1906-E57C-436F-A7CF-E890E9367AFF} = {16FB2293-D367-4497-9DB1-59FFC421310C}
		{15F35E94-0CF5-47DD-831A-448C08AE2E75} = {16FB2293-D367-4497-9DB1-59FFC421310C}
		{52CEC230-9F37-4870-9368-C9CC49DCB968} = {16FB2293-D367-4497-9DB1-59FFC421310C}
		{6533D3C7-74FA-442E-93B6-F397ED2036CB} = {16FB2293-D367-4497-9DB1-59FFC421310C}
		{02B6DA80-8E81-4231-9E9B-8B5127E7A701} = {16FB2293-D367-4497-9DB1-59FFC421310C}
		{0FAA14CE-B90C-45A0-9445-3F939BEB60BA} = {16FB2293-D367-4497-9DB1-59FFC421310C}
		{52B92738-50EB-494B-8DDD-2ABC3E819202} = {16FB2293-D367-4497-9DB1-59FFC421310C}
		{3A39EA90-CBFA-4419-A795-5B0E4234E929} = {16FB2293-D367-4497-9DB1-59FFC421310C}
		{568F667F-FD98-4DFA-8B87-A5000E0B56B1} = {16FB2293-D367-4497-9DB1-59FFC421310C}
		{41E7F628-0081-4E20-9996-05CAC1262B70} = {16FB2293-D367-4497-9DB1-59FFC421310C}
		{D462C121-2C40-432E-998C-32DE114D8647} = {16FB2293-D367-4497-9DB1-59FFC421310C}
		{619A571D-26EE-4695-AD26-544614840563} = {16FB2293-D367-4497-9DB1-59FFC421310C}
		{7883AA63-0A51-4EA7-B7E8-558FB8FAAB91} = {16FB2293-D367-4497-9DB1-59FFC421310C}
	EndGlobalSection
	GlobalSection(SolutionConfigurationPlatforms) = preSolution
		Debug|Any CPU = Debug|Any CPU
		Release|Any CPU = Release|Any CPU
	EndGlobalSection
	GlobalSection(ProjectConfigurationPlatforms) = postSolution
		{04F0EEA6-B6C8-4B29-9774-C2A10DF15062}.Debug|Any CPU.ActiveCfg = Debug|Any CPU
		{04F0EEA6-B6C8-4B29-9774-C2A10DF15062}.Debug|Any CPU.Build.0 = Debug|Any CPU
		{04F0EEA6-B6C8-4B29-9774-C2A10DF15062}.Release|Any CPU.ActiveCfg = Release|Any CPU
		{04F0EEA6-B6C8-4B29-9774-C2A10DF15062}.Release|Any CPU.Build.0 = Release|Any CPU
		{927F7124-9EA1-4AD3-B830-D998AD8CB2B8}.Debug|Any CPU.ActiveCfg = Debug|Any CPU
		{927F7124-9EA1-4AD3-B830-D998AD8CB2B8}.Debug|Any CPU.Build.0 = Debug|Any CPU
		{927F7124-9EA1-4AD3-B830-D998AD8CB2B8}.Release|Any CPU.ActiveCfg = Release|Any CPU
		{927F7124-9EA1-4AD3-B830-D998AD8CB2B8}.Release|Any CPU.Build.0 = Release|Any CPU
		{2C9A4E0A-0C1D-4298-BE42-50794018E712}.Debug|Any CPU.ActiveCfg = Debug|Any CPU
		{2C9A4E0A-0C1D-4298-BE42-50794018E712}.Debug|Any CPU.Build.0 = Debug|Any CPU
		{2C9A4E0A-0C1D-4298-BE42-50794018E712}.Release|Any CPU.ActiveCfg = Release|Any CPU
		{2C9A4E0A-0C1D-4298-BE42-50794018E712}.Release|Any CPU.Build.0 = Release|Any CPU
		{FBE9A6DF-EE71-4C60-8110-2D1D02CBA3AF}.Debug|Any CPU.ActiveCfg = Debug|Any CPU
		{FBE9A6DF-EE71-4C60-8110-2D1D02CBA3AF}.Debug|Any CPU.Build.0 = Debug|Any CPU
		{FBE9A6DF-EE71-4C60-8110-2D1D02CBA3AF}.Release|Any CPU.ActiveCfg = Release|Any CPU
		{FBE9A6DF-EE71-4C60-8110-2D1D02CBA3AF}.Release|Any CPU.Build.0 = Release|Any CPU
		{58309FDC-64B1-4D95-A839-C02F120BC290}.Debug|Any CPU.ActiveCfg = Debug|Any CPU
		{58309FDC-64B1-4D95-A839-C02F120BC290}.Debug|Any CPU.Build.0 = Debug|Any CPU
		{58309FDC-64B1-4D95-A839-C02F120BC290}.Release|Any CPU.ActiveCfg = Release|Any CPU
		{58309FDC-64B1-4D95-A839-C02F120BC290}.Release|Any CPU.Build.0 = Release|Any CPU
		{FC57D1F2-DB6D-48F4-9BD0-41FB5B05DD5D}.Debug|Any CPU.ActiveCfg = Debug|Any CPU
		{FC57D1F2-DB6D-48F4-9BD0-41FB5B05DD5D}.Debug|Any CPU.Build.0 = Debug|Any CPU
		{FC57D1F2-DB6D-48F4-9BD0-41FB5B05DD5D}.Release|Any CPU.ActiveCfg = Release|Any CPU
		{FC57D1F2-DB6D-48F4-9BD0-41FB5B05DD5D}.Release|Any CPU.Build.0 = Release|Any CPU
		{C9D97E06-2DD3-48A9-9105-9E7D5D9C8CE8}.Debug|Any CPU.ActiveCfg = Debug|Any CPU
		{C9D97E06-2DD3-48A9-9105-9E7D5D9C8CE8}.Debug|Any CPU.Build.0 = Debug|Any CPU
		{C9D97E06-2DD3-48A9-9105-9E7D5D9C8CE8}.Release|Any CPU.ActiveCfg = Release|Any CPU
		{C9D97E06-2DD3-48A9-9105-9E7D5D9C8CE8}.Release|Any CPU.Build.0 = Release|Any CPU
		{D6F6EF75-2B64-428A-8987-8721059B67FA}.Debug|Any CPU.ActiveCfg = Debug|Any CPU
		{D6F6EF75-2B64-428A-8987-8721059B67FA}.Debug|Any CPU.Build.0 = Debug|Any CPU
		{D6F6EF75-2B64-428A-8987-8721059B67FA}.Release|Any CPU.ActiveCfg = Release|Any CPU
		{D6F6EF75-2B64-428A-8987-8721059B67FA}.Release|Any CPU.Build.0 = Release|Any CPU
		{40432EF7-6F2A-4834-942A-6E2BC26E513C}.Debug|Any CPU.ActiveCfg = Debug|Any CPU
		{40432EF7-6F2A-4834-942A-6E2BC26E513C}.Debug|Any CPU.Build.0 = Debug|Any CPU
		{40432EF7-6F2A-4834-942A-6E2BC26E513C}.Release|Any CPU.ActiveCfg = Release|Any CPU
		{40432EF7-6F2A-4834-942A-6E2BC26E513C}.Release|Any CPU.Build.0 = Release|Any CPU
		{E1857BBC-80B5-4E1D-ACFA-5C920585103D}.Debug|Any CPU.ActiveCfg = Debug|Any CPU
		{E1857BBC-80B5-4E1D-ACFA-5C920585103D}.Debug|Any CPU.Build.0 = Debug|Any CPU
		{E1857BBC-80B5-4E1D-ACFA-5C920585103D}.Release|Any CPU.ActiveCfg = Release|Any CPU
		{E1857BBC-80B5-4E1D-ACFA-5C920585103D}.Release|Any CPU.Build.0 = Release|Any CPU
		{8130BDA4-76B7-4FCF-8457-16AC3EABE8D2}.Debug|Any CPU.ActiveCfg = Debug|Any CPU
		{8130BDA4-76B7-4FCF-8457-16AC3EABE8D2}.Debug|Any CPU.Build.0 = Debug|Any CPU
		{8130BDA4-76B7-4FCF-8457-16AC3EABE8D2}.Release|Any CPU.ActiveCfg = Release|Any CPU
		{8130BDA4-76B7-4FCF-8457-16AC3EABE8D2}.Release|Any CPU.Build.0 = Release|Any CPU
		{E8262770-5899-4C97-8741-52AAD42A005F}.Debug|Any CPU.ActiveCfg = Debug|Any CPU
		{E8262770-5899-4C97-8741-52AAD42A005F}.Debug|Any CPU.Build.0 = Debug|Any CPU
		{E8262770-5899-4C97-8741-52AAD42A005F}.Release|Any CPU.ActiveCfg = Release|Any CPU
		{E8262770-5899-4C97-8741-52AAD42A005F}.Release|Any CPU.Build.0 = Release|Any CPU
		{996BC18B-E4B3-406A-940D-CC345886EEE1}.Debug|Any CPU.ActiveCfg = Debug|Any CPU
		{996BC18B-E4B3-406A-940D-CC345886EEE1}.Debug|Any CPU.Build.0 = Debug|Any CPU
		{996BC18B-E4B3-406A-940D-CC345886EEE1}.Release|Any CPU.ActiveCfg = Release|Any CPU
		{996BC18B-E4B3-406A-940D-CC345886EEE1}.Release|Any CPU.Build.0 = Release|Any CPU
		{FA7874DE-D6D7-4BBB-B0A6-B90089B8EEDC}.Debug|Any CPU.ActiveCfg = Debug|Any CPU
		{FA7874DE-D6D7-4BBB-B0A6-B90089B8EEDC}.Debug|Any CPU.Build.0 = Debug|Any CPU
		{FA7874DE-D6D7-4BBB-B0A6-B90089B8EEDC}.Release|Any CPU.ActiveCfg = Release|Any CPU
		{FA7874DE-D6D7-4BBB-B0A6-B90089B8EEDC}.Release|Any CPU.Build.0 = Release|Any CPU
		{78B5DFEA-F519-4230-BE51-768DF27F41DA}.Debug|Any CPU.ActiveCfg = Debug|Any CPU
		{78B5DFEA-F519-4230-BE51-768DF27F41DA}.Debug|Any CPU.Build.0 = Debug|Any CPU
		{78B5DFEA-F519-4230-BE51-768DF27F41DA}.Release|Any CPU.ActiveCfg = Release|Any CPU
		{78B5DFEA-F519-4230-BE51-768DF27F41DA}.Release|Any CPU.Build.0 = Release|Any CPU
		{424C1906-E57C-436F-A7CF-E890E9367AFF}.Debug|Any CPU.ActiveCfg = Debug|Any CPU
		{424C1906-E57C-436F-A7CF-E890E9367AFF}.Debug|Any CPU.Build.0 = Debug|Any CPU
		{424C1906-E57C-436F-A7CF-E890E9367AFF}.Release|Any CPU.ActiveCfg = Release|Any CPU
		{424C1906-E57C-436F-A7CF-E890E9367AFF}.Release|Any CPU.Build.0 = Release|Any CPU
		{15F35E94-0CF5-47DD-831A-448C08AE2E75}.Debug|Any CPU.ActiveCfg = Debug|Any CPU
		{15F35E94-0CF5-47DD-831A-448C08AE2E75}.Debug|Any CPU.Build.0 = Debug|Any CPU
		{15F35E94-0CF5-47DD-831A-448C08AE2E75}.Release|Any CPU.ActiveCfg = Release|Any CPU
		{15F35E94-0CF5-47DD-831A-448C08AE2E75}.Release|Any CPU.Build.0 = Release|Any CPU
		{52CEC230-9F37-4870-9368-C9CC49DCB968}.Debug|Any CPU.ActiveCfg = Debug|Any CPU
		{52CEC230-9F37-4870-9368-C9CC49DCB968}.Debug|Any CPU.Build.0 = Debug|Any CPU
		{52CEC230-9F37-4870-9368-C9CC49DCB968}.Release|Any CPU.ActiveCfg = Release|Any CPU
		{52CEC230-9F37-4870-9368-C9CC49DCB968}.Release|Any CPU.Build.0 = Release|Any CPU
		{6533D3C7-74FA-442E-93B6-F397ED2036CB}.Debug|Any CPU.ActiveCfg = Debug|Any CPU
		{6533D3C7-74FA-442E-93B6-F397ED2036CB}.Debug|Any CPU.Build.0 = Debug|Any CPU
		{6533D3C7-74FA-442E-93B6-F397ED2036CB}.Release|Any CPU.ActiveCfg = Release|Any CPU
		{6533D3C7-74FA-442E-93B6-F397ED2036CB}.Release|Any CPU.Build.0 = Release|Any CPU
		{02B6DA80-8E81-4231-9E9B-8B5127E7A701}.Debug|Any CPU.ActiveCfg = Debug|Any CPU
		{02B6DA80-8E81-4231-9E9B-8B5127E7A701}.Debug|Any CPU.Build.0 = Debug|Any CPU
		{02B6DA80-8E81-4231-9E9B-8B5127E7A701}.Release|Any CPU.ActiveCfg = Release|Any CPU
		{02B6DA80-8E81-4231-9E9B-8B5127E7A701}.Release|Any CPU.Build.0 = Release|Any CPU
		{0FAA14CE-B90C-45A0-9445-3F939BEB60BA}.Debug|Any CPU.ActiveCfg = Debug|Any CPU
		{0FAA14CE-B90C-45A0-9445-3F939BEB60BA}.Debug|Any CPU.Build.0 = Debug|Any CPU
		{0FAA14CE-B90C-45A0-9445-3F939BEB60BA}.Release|Any CPU.ActiveCfg = Release|Any CPU
		{0FAA14CE-B90C-45A0-9445-3F939BEB60BA}.Release|Any CPU.Build.0 = Release|Any CPU
		{52B92738-50EB-494B-8DDD-2ABC3E819202}.Debug|Any CPU.ActiveCfg = Debug|Any CPU
		{52B92738-50EB-494B-8DDD-2ABC3E819202}.Debug|Any CPU.Build.0 = Debug|Any CPU
		{52B92738-50EB-494B-8DDD-2ABC3E819202}.Release|Any CPU.ActiveCfg = Release|Any CPU
		{52B92738-50EB-494B-8DDD-2ABC3E819202}.Release|Any CPU.Build.0 = Release|Any CPU
		{3A39EA90-CBFA-4419-A795-5B0E4234E929}.Debug|Any CPU.ActiveCfg = Debug|Any CPU
		{3A39EA90-CBFA-4419-A795-5B0E4234E929}.Debug|Any CPU.Build.0 = Debug|Any CPU
		{3A39EA90-CBFA-4419-A795-5B0E4234E929}.Release|Any CPU.ActiveCfg = Release|Any CPU
		{3A39EA90-CBFA-4419-A795-5B0E4234E929}.Release|Any CPU.Build.0 = Release|Any CPU
		{568F667F-FD98-4DFA-8B87-A5000E0B56B1}.Debug|Any CPU.ActiveCfg = Debug|Any CPU
		{568F667F-FD98-4DFA-8B87-A5000E0B56B1}.Debug|Any CPU.Build.0 = Debug|Any CPU
		{568F667F-FD98-4DFA-8B87-A5000E0B56B1}.Release|Any CPU.ActiveCfg = Release|Any CPU
		{568F667F-FD98-4DFA-8B87-A5000E0B56B1}.Release|Any CPU.Build.0 = Release|Any CPU
		{41E7F628-0081-4E20-9996-05CAC1262B70}.Debug|Any CPU.ActiveCfg = Debug|Any CPU
		{41E7F628-0081-4E20-9996-05CAC1262B70}.Debug|Any CPU.Build.0 = Debug|Any CPU
		{41E7F628-0081-4E20-9996-05CAC1262B70}.Release|Any CPU.ActiveCfg = Release|Any CPU
		{41E7F628-0081-4E20-9996-05CAC1262B70}.Release|Any CPU.Build.0 = Release|Any CPU
		{D462C121-2C40-432E-998C-32DE114D8647}.Debug|Any CPU.ActiveCfg = Debug|Any CPU
		{D462C121-2C40-432E-998C-32DE114D8647}.Debug|Any CPU.Build.0 = Debug|Any CPU
		{D462C121-2C40-432E-998C-32DE114D8647}.Release|Any CPU.ActiveCfg = Release|Any CPU
		{D462C121-2C40-432E-998C-32DE114D8647}.Release|Any CPU.Build.0 = Release|Any CPU
		{619A571D-26EE-4695-AD26-544614840563}.Debug|Any CPU.ActiveCfg = Debug|Any CPU
		{619A571D-26EE-4695-AD26-544614840563}.Debug|Any CPU.Build.0 = Debug|Any CPU
		{619A571D-26EE-4695-AD26-544614840563}.Release|Any CPU.ActiveCfg = Release|Any CPU
		{619A571D-26EE-4695-AD26-544614840563}.Release|Any CPU.Build.0 = Release|Any CPU
		{7883AA63-0A51-4EA7-B7E8-558FB8FAAB91}.Debug|Any CPU.ActiveCfg = Debug|Any CPU
		{7883AA63-0A51-4EA7-B7E8-558FB8FAAB91}.Debug|Any CPU.Build.0 = Debug|Any CPU
		{7883AA63-0A51-4EA7-B7E8-558FB8FAAB91}.Release|Any CPU.ActiveCfg = Release|Any CPU
		{7883AA63-0A51-4EA7-B7E8-558FB8FAAB91}.Release|Any CPU.Build.0 = Release|Any CPU
	EndGlobalSection
	GlobalSection(SolutionProperties) = preSolution
		HideSolutionNode = FALSE
	EndGlobalSection
	GlobalSection(ExtensibilityGlobals) = postSolution
		SolutionGuid = {F9978FEE-CD2B-4B5D-A201-3F1A9FABD14C}
	EndGlobalSection
EndGlobal
